
Microsoft Visual Studio Solution File, Format Version 12.00
# Visual Studio Version 16
VisualStudioVersion = 16.0.30104.148
MinimumVisualStudioVersion = 10.0.40219.1
Project("{FAE04EC0-301F-11D3-BF4B-00C04F79EFBC}") = "StaticPage", "StaticPage\StaticPage.csproj", "{26F0BE37-E383-495C-AD95-F199746B1F7C}"
EndProject
Project("{FAE04EC0-301F-11D3-BF4B-00C04F79EFBC}") = "StaticPage.Mvc", "StaticPage.Mvc\StaticPage.Mvc.csproj", "{5D24B182-31A4-4286-B4E0-ED8F8469D181}"
EndProject
Project("{FAE04EC0-301F-11D3-BF4B-00C04F79EFBC}") = "StaticPage.WebMarkupMin", "StaticPage.WebMarkupMin\StaticPage.WebMarkupMin.csproj", "{B63BE442-083B-4EC2-976B-0BCED5F4937F}"
EndProject
Project("{FAE04EC0-301F-11D3-BF4B-00C04F79EFBC}") = "StaticPage.Mvc.WebMarkupMin", "StaticPage.Mvc.WebMarkupMin\StaticPage.Mvc.WebMarkupMin.csproj", "{FDB942F7-F9C5-42D7-B0E9-CC337E2D55E1}"
EndProject
Global
	GlobalSection(SolutionConfigurationPlatforms) = preSolution
		Debug|Any CPU = Debug|Any CPU
		Release|Any CPU = Release|Any CPU
	EndGlobalSection
	GlobalSection(ProjectConfigurationPlatforms) = postSolution
		{26F0BE37-E383-495C-AD95-F199746B1F7C}.Debug|Any CPU.ActiveCfg = Debug|Any CPU
		{26F0BE37-E383-495C-AD95-F199746B1F7C}.Debug|Any CPU.Build.0 = Debug|Any CPU
		{26F0BE37-E383-495C-AD95-F199746B1F7C}.Release|Any CPU.ActiveCfg = Release|Any CPU
		{26F0BE37-E383-495C-AD95-F199746B1F7C}.Release|Any CPU.Build.0 = Release|Any CPU
		{5D24B182-31A4-4286-B4E0-ED8F8469D181}.Debug|Any CPU.ActiveCfg = Debug|Any CPU
		{5D24B182-31A4-4286-B4E0-ED8F8469D181}.Debug|Any CPU.Build.0 = Debug|Any CPU
		{5D24B182-31A4-4286-B4E0-ED8F8469D181}.Release|Any CPU.ActiveCfg = Release|Any CPU
		{5D24B182-31A4-4286-B4E0-ED8F8469D181}.Release|Any CPU.Build.0 = Release|Any CPU
		{B63BE442-083B-4EC2-976B-0BCED5F4937F}.Debug|Any CPU.ActiveCfg = Debug|Any CPU
		{B63BE442-083B-4EC2-976B-0BCED5F4937F}.Debug|Any CPU.Build.0 = Debug|Any CPU
		{B63BE442-083B-4EC2-976B-0BCED5F4937F}.Release|Any CPU.ActiveCfg = Release|Any CPU
		{B63BE442-083B-4EC2-976B-0BCED5F4937F}.Release|Any CPU.Build.0 = Release|Any CPU
		{FDB942F7-F9C5-42D7-B0E9-CC337E2D55E1}.Debug|Any CPU.ActiveCfg = Debug|Any CPU
		{FDB942F7-F9C5-42D7-B0E9-CC337E2D55E1}.Debug|Any CPU.Build.0 = Debug|Any CPU
		{FDB942F7-F9C5-42D7-B0E9-CC337E2D55E1}.Release|Any CPU.ActiveCfg = Release|Any CPU
		{FDB942F7-F9C5-42D7-B0E9-CC337E2D55E1}.Release|Any CPU.Build.0 = Release|Any CPU
	EndGlobalSection
	GlobalSection(SolutionProperties) = preSolution
		HideSolutionNode = FALSE
	EndGlobalSection
	GlobalSection(ExtensibilityGlobals) = postSolution
		SolutionGuid = {E4FCAC9F-88E6-470C-A968-B30944181C3A}
	EndGlobalSection
EndGlobal
